// !$*UTF8*$!
{
	archiveVersion = 1;
	classes = {
	};
	objectVersion = 56;
	objects = {

/* Begin PBXBuildFile section */
		776D87AB29A7865E00103C8E /* cryptOSApp.swift in Sources */ = {isa = PBXBuildFile; fileRef = 776D87AA29A7865E00103C8E /* cryptOSApp.swift */; };
		776D87AD29A7865E00103C8E /* ContentView.swift in Sources */ = {isa = PBXBuildFile; fileRef = 776D87AC29A7865E00103C8E /* ContentView.swift */; };
		776D87AF29A7866000103C8E /* Assets.xcassets in Resources */ = {isa = PBXBuildFile; fileRef = 776D87AE29A7866000103C8E /* Assets.xcassets */; };
		776D87B229A7866000103C8E /* Preview Assets.xcassets in Resources */ = {isa = PBXBuildFile; fileRef = 776D87B129A7866000103C8E /* Preview Assets.xcassets */; };
		776D87BA29A7903800103C8E /* Colors.swift in Sources */ = {isa = PBXBuildFile; fileRef = 776D87B929A7903800103C8E /* Colors.swift */; };
		776D87BF29A7941400103C8E /* HomeView.swift in Sources */ = {isa = PBXBuildFile; fileRef = 776D87BE29A7941400103C8E /* HomeView.swift */; };
		776D87C329A7965E00103C8E /* CircleButtonView.swift in Sources */ = {isa = PBXBuildFile; fileRef = 776D87C229A7965E00103C8E /* CircleButtonView.swift */; };
		776D87C529A7A27800103C8E /* CirclebuttonAnimationView.swift in Sources */ = {isa = PBXBuildFile; fileRef = 776D87C429A7A27800103C8E /* CirclebuttonAnimationView.swift */; };
		776D87C829A7AC7100103C8E /* CoinModel.swift in Sources */ = {isa = PBXBuildFile; fileRef = 776D87C729A7AC7100103C8E /* CoinModel.swift */; };
		77B65AEB29B0C608009D1470 /* HomeViewModel.swift in Sources */ = {isa = PBXBuildFile; fileRef = 77B65AEA29B0C608009D1470 /* HomeViewModel.swift */; };
		77B65AEE29B0C787009D1470 /* CoinRowView.swift in Sources */ = {isa = PBXBuildFile; fileRef = 77B65AED29B0C787009D1470 /* CoinRowView.swift */; };
		77B65AF029B0C808009D1470 /* PreviewProvider.swift in Sources */ = {isa = PBXBuildFile; fileRef = 77B65AEF29B0C808009D1470 /* PreviewProvider.swift */; };
		77B65AF229B616D7009D1470 /* Double.swift in Sources */ = {isa = PBXBuildFile; fileRef = 77B65AF129B616D7009D1470 /* Double.swift */; };
/* End PBXBuildFile section */

/* Begin PBXFileReference section */
		776D87A729A7865E00103C8E /* cryptOS.app */ = {isa = PBXFileReference; explicitFileType = wrapper.application; includeInIndex = 0; path = cryptOS.app; sourceTree = BUILT_PRODUCTS_DIR; };
		776D87AA29A7865E00103C8E /* cryptOSApp.swift */ = {isa = PBXFileReference; lastKnownFileType = sourcecode.swift; path = cryptOSApp.swift; sourceTree = "<group>"; };
		776D87AC29A7865E00103C8E /* ContentView.swift */ = {isa = PBXFileReference; lastKnownFileType = sourcecode.swift; path = ContentView.swift; sourceTree = "<group>"; };
		776D87AE29A7866000103C8E /* Assets.xcassets */ = {isa = PBXFileReference; lastKnownFileType = folder.assetcatalog; path = Assets.xcassets; sourceTree = "<group>"; };
		776D87B129A7866000103C8E /* Preview Assets.xcassets */ = {isa = PBXFileReference; lastKnownFileType = folder.assetcatalog; path = "Preview Assets.xcassets"; sourceTree = "<group>"; };
		776D87B929A7903800103C8E /* Colors.swift */ = {isa = PBXFileReference; lastKnownFileType = sourcecode.swift; path = Colors.swift; sourceTree = "<group>"; };
		776D87BE29A7941400103C8E /* HomeView.swift */ = {isa = PBXFileReference; lastKnownFileType = sourcecode.swift; path = HomeView.swift; sourceTree = "<group>"; };
		776D87C229A7965E00103C8E /* CircleButtonView.swift */ = {isa = PBXFileReference; lastKnownFileType = sourcecode.swift; path = CircleButtonView.swift; sourceTree = "<group>"; };
		776D87C429A7A27800103C8E /* CirclebuttonAnimationView.swift */ = {isa = PBXFileReference; lastKnownFileType = sourcecode.swift; path = CirclebuttonAnimationView.swift; sourceTree = "<group>"; };
		776D87C729A7AC7100103C8E /* CoinModel.swift */ = {isa = PBXFileReference; lastKnownFileType = sourcecode.swift; path = CoinModel.swift; sourceTree = "<group>"; };
		77B65AEA29B0C608009D1470 /* HomeViewModel.swift */ = {isa = PBXFileReference; lastKnownFileType = sourcecode.swift; path = HomeViewModel.swift; sourceTree = "<group>"; };
		77B65AED29B0C787009D1470 /* CoinRowView.swift */ = {isa = PBXFileReference; lastKnownFileType = sourcecode.swift; path = CoinRowView.swift; sourceTree = "<group>"; };
		77B65AEF29B0C808009D1470 /* PreviewProvider.swift */ = {isa = PBXFileReference; lastKnownFileType = sourcecode.swift; path = PreviewProvider.swift; sourceTree = "<group>"; };
		77B65AF129B616D7009D1470 /* Double.swift */ = {isa = PBXFileReference; lastKnownFileType = sourcecode.swift; path = Double.swift; sourceTree = "<group>"; };
/* End PBXFileReference section */

/* Begin PBXFrameworksBuildPhase section */
		776D87A429A7865E00103C8E /* Frameworks */ = {
			isa = PBXFrameworksBuildPhase;
			buildActionMask = 2147483647;
			files = (
			);
			runOnlyForDeploymentPostprocessing = 0;
		};
/* End PBXFrameworksBuildPhase section */

/* Begin PBXGroup section */
		776D879E29A7865E00103C8E = {
			isa = PBXGroup;
			children = (
				776D87A929A7865E00103C8E /* cryptOS */,
				776D87A829A7865E00103C8E /* Products */,
			);
			sourceTree = "<group>";
		};
		776D87A829A7865E00103C8E /* Products */ = {
			isa = PBXGroup;
			children = (
				776D87A729A7865E00103C8E /* cryptOS.app */,
			);
			name = Products;
			sourceTree = "<group>";
		};
		776D87A929A7865E00103C8E /* cryptOS */ = {
			isa = PBXGroup;
			children = (
				776D87C629A7AC5F00103C8E /* Models */,
				776D87B829A7902600103C8E /* Extensions */,
				776D87BB29A793E000103C8E /* Core */,
				776D87AA29A7865E00103C8E /* cryptOSApp.swift */,
				776D87AC29A7865E00103C8E /* ContentView.swift */,
				776D87AE29A7866000103C8E /* Assets.xcassets */,
				776D87B029A7866000103C8E /* Preview Content */,
			);
			path = cryptOS;
			sourceTree = "<group>";
		};
		776D87B029A7866000103C8E /* Preview Content */ = {
			isa = PBXGroup;
			children = (
				776D87B129A7866000103C8E /* Preview Assets.xcassets */,
			);
			path = "Preview Content";
			sourceTree = "<group>";
		};
		776D87B829A7902600103C8E /* Extensions */ = {
			isa = PBXGroup;
			children = (
				776D87B929A7903800103C8E /* Colors.swift */,
				77B65AEF29B0C808009D1470 /* PreviewProvider.swift */,
				77B65AF129B616D7009D1470 /* Double.swift */,
			);
			path = Extensions;
			sourceTree = "<group>";
		};
		776D87BB29A793E000103C8E /* Core */ = {
			isa = PBXGroup;
			children = (
				77B65AE829B0C5EA009D1470 /* Pages */,
				776D87C029A7954400103C8E /* Components */,
			);
			path = Core;
			sourceTree = "<group>";
		};
		776D87C029A7954400103C8E /* Components */ = {
			isa = PBXGroup;
			children = (
				77B65AEC29B0C767009D1470 /* CoinRow */,
				776D87C129A7963D00103C8E /* CircleButton */,
			);
			path = Components;
			sourceTree = "<group>";
		};
		776D87C129A7963D00103C8E /* CircleButton */ = {
			isa = PBXGroup;
			children = (
				776D87C229A7965E00103C8E /* CircleButtonView.swift */,
				776D87C429A7A27800103C8E /* CirclebuttonAnimationView.swift */,
			);
			path = CircleButton;
			sourceTree = "<group>";
		};
		776D87C629A7AC5F00103C8E /* Models */ = {
			isa = PBXGroup;
			children = (
				776D87C729A7AC7100103C8E /* CoinModel.swift */,
			);
			path = Models;
			sourceTree = "<group>";
		};
		77B65AE829B0C5EA009D1470 /* Pages */ = {
			isa = PBXGroup;
			children = (
				77B65AE929B0C5F4009D1470 /* Home */,
			);
			path = Pages;
			sourceTree = "<group>";
		};
		77B65AE929B0C5F4009D1470 /* Home */ = {
			isa = PBXGroup;
			children = (
				776D87BE29A7941400103C8E /* HomeView.swift */,
				77B65AEA29B0C608009D1470 /* HomeViewModel.swift */,
			);
			path = Home;
			sourceTree = "<group>";
		};
		77B65AEC29B0C767009D1470 /* CoinRow */ = {
			isa = PBXGroup;
			children = (
				77B65AED29B0C787009D1470 /* CoinRowView.swift */,
			);
			path = CoinRow;
			sourceTree = "<group>";
		};
/* End PBXGroup section */

/* Begin PBXNativeTarget section */
		776D87A629A7865E00103C8E /* cryptOS */ = {
			isa = PBXNativeTarget;
			buildConfigurationList = 776D87B529A7866000103C8E /* Build configuration list for PBXNativeTarget "cryptOS" */;
			buildPhases = (
				776D87A329A7865E00103C8E /* Sources */,
				776D87A429A7865E00103C8E /* Frameworks */,
				776D87A529A7865E00103C8E /* Resources */,
			);
			buildRules = (
			);
			dependencies = (
			);
			name = cryptOS;
			productName = cryptOS;
			productReference = 776D87A729A7865E00103C8E /* cryptOS.app */;
			productType = "com.apple.product-type.application";
		};
/* End PBXNativeTarget section */

/* Begin PBXProject section */
		776D879F29A7865E00103C8E /* Project object */ = {
			isa = PBXProject;
			attributes = {
				BuildIndependentTargetsInParallel = 1;
				LastSwiftUpdateCheck = 1400;
				LastUpgradeCheck = 1400;
				TargetAttributes = {
					776D87A629A7865E00103C8E = {
						CreatedOnToolsVersion = 14.0.1;
					};
				};
			};
			buildConfigurationList = 776D87A229A7865E00103C8E /* Build configuration list for PBXProject "cryptOS" */;
			compatibilityVersion = "Xcode 14.0";
			developmentRegion = en;
			hasScannedForEncodings = 0;
			knownRegions = (
				en,
				Base,
			);
			mainGroup = 776D879E29A7865E00103C8E;
			productRefGroup = 776D87A829A7865E00103C8E /* Products */;
			projectDirPath = "";
			projectRoot = "";
			targets = (
				776D87A629A7865E00103C8E /* cryptOS */,
			);
		};
/* End PBXProject section */

/* Begin PBXResourcesBuildPhase section */
		776D87A529A7865E00103C8E /* Resources */ = {
			isa = PBXResourcesBuildPhase;
			buildActionMask = 2147483647;
			files = (
				776D87B229A7866000103C8E /* Preview Assets.xcassets in Resources */,
				776D87AF29A7866000103C8E /* Assets.xcassets in Resources */,
			);
			runOnlyForDeploymentPostprocessing = 0;
		};
/* End PBXResourcesBuildPhase section */

/* Begin PBXSourcesBuildPhase section */
		776D87A329A7865E00103C8E /* Sources */ = {
			isa = PBXSourcesBuildPhase;
			buildActionMask = 2147483647;
			files = (
				77B65AEE29B0C787009D1470 /* CoinRowView.swift in Sources */,
				776D87AD29A7865E00103C8E /* ContentView.swift in Sources */,
				776D87BF29A7941400103C8E /* HomeView.swift in Sources */,
				776D87BA29A7903800103C8E /* Colors.swift in Sources */,
				77B65AEB29B0C608009D1470 /* HomeViewModel.swift in Sources */,
				776D87C329A7965E00103C8E /* CircleButtonView.swift in Sources */,
				776D87AB29A7865E00103C8E /* cryptOSApp.swift in Sources */,
				776D87C529A7A27800103C8E /* CirclebuttonAnimationView.swift in Sources */,
				776D87C829A7AC7100103C8E /* CoinModel.swift in Sources */,
				77B65AF229B616D7009D1470 /* Double.swift in Sources */,
				77B65AF029B0C808009D1470 /* PreviewProvider.swift in Sources */,
			);
			runOnlyForDeploymentPostprocessing = 0;
		};
/* End PBXSourcesBuildPhase section */

/* Begin XCBuildConfiguration section */
		776D87B329A7866000103C8E /* Debug */ = {
			isa = XCBuildConfiguration;
			buildSettings = {
				ALWAYS_SEARCH_USER_PATHS = NO;
				CLANG_ANALYZER_NONNULL = YES;
				CLANG_ANALYZER_NUMBER_OBJECT_CONVERSION = YES_AGGRESSIVE;
				CLANG_CXX_LANGUAGE_STANDARD = "gnu++20";
				CLANG_ENABLE_MODULES = YES;
				CLANG_ENABLE_OBJC_ARC = YES;
				CLANG_ENABLE_OBJC_WEAK = YES;
				CLANG_WARN_BLOCK_CAPTURE_AUTORELEASING = YES;
				CLANG_WARN_BOOL_CONVERSION = YES;
				CLANG_WARN_COMMA = YES;
				CLANG_WARN_CONSTANT_CONVERSION = YES;
				CLANG_WARN_DEPRECATED_OBJC_IMPLEMENTATIONS = YES;
				CLANG_WARN_DIRECT_OBJC_ISA_USAGE = YES_ERROR;
				CLANG_WARN_DOCUMENTATION_COMMENTS = YES;
				CLANG_WARN_EMPTY_BODY = YES;
				CLANG_WARN_ENUM_CONVERSION = YES;
				CLANG_WARN_INFINITE_RECURSION = YES;
				CLANG_WARN_INT_CONVERSION = YES;
				CLANG_WARN_NON_LITERAL_NULL_CONVERSION = YES;
				CLANG_WARN_OBJC_IMPLICIT_RETAIN_SELF = YES;
				CLANG_WARN_OBJC_LITERAL_CONVERSION = YES;
				CLANG_WARN_OBJC_ROOT_CLASS = YES_ERROR;
				CLANG_WARN_QUOTED_INCLUDE_IN_FRAMEWORK_HEADER = YES;
				CLANG_WARN_RANGE_LOOP_ANALYSIS = YES;
				CLANG_WARN_STRICT_PROTOTYPES = YES;
				CLANG_WARN_SUSPICIOUS_MOVE = YES;
				CLANG_WARN_UNGUARDED_AVAILABILITY = YES_AGGRESSIVE;
				CLANG_WARN_UNREACHABLE_CODE = YES;
				CLANG_WARN__DUPLICATE_METHOD_MATCH = YES;
				COPY_PHASE_STRIP = NO;
				DEBUG_INFORMATION_FORMAT = dwarf;
				ENABLE_STRICT_OBJC_MSGSEND = YES;
				ENABLE_TESTABILITY = YES;
				GCC_C_LANGUAGE_STANDARD = gnu11;
				GCC_DYNAMIC_NO_PIC = NO;
				GCC_NO_COMMON_BLOCKS = YES;
				GCC_OPTIMIZATION_LEVEL = 0;
				GCC_PREPROCESSOR_DEFINITIONS = (
					"DEBUG=1",
					"$(inherited)",
				);
				GCC_WARN_64_TO_32_BIT_CONVERSION = YES;
				GCC_WARN_ABOUT_RETURN_TYPE = YES_ERROR;
				GCC_WARN_UNDECLARED_SELECTOR = YES;
				GCC_WARN_UNINITIALIZED_AUTOS = YES_AGGRESSIVE;
				GCC_WARN_UNUSED_FUNCTION = YES;
				GCC_WARN_UNUSED_VARIABLE = YES;
				IPHONEOS_DEPLOYMENT_TARGET = 16.0;
				MTL_ENABLE_DEBUG_INFO = INCLUDE_SOURCE;
				MTL_FAST_MATH = YES;
				ONLY_ACTIVE_ARCH = YES;
				SDKROOT = iphoneos;
				SWIFT_ACTIVE_COMPILATION_CONDITIONS = DEBUG;
				SWIFT_OPTIMIZATION_LEVEL = "-Onone";
			};
			name = Debug;
		};
		776D87B429A7866000103C8E /* Release */ = {
			isa = XCBuildConfiguration;
			buildSettings = {
				ALWAYS_SEARCH_USER_PATHS = NO;
				CLANG_ANALYZER_NONNULL = YES;
				CLANG_ANALYZER_NUMBER_OBJECT_CONVERSION = YES_AGGRESSIVE;
				CLANG_CXX_LANGUAGE_STANDARD = "gnu++20";
				CLANG_ENABLE_MODULES = YES;
				CLANG_ENABLE_OBJC_ARC = YES;
				CLANG_ENABLE_OBJC_WEAK = YES;
				CLANG_WARN_BLOCK_CAPTURE_AUTORELEASING = YES;
				CLANG_WARN_BOOL_CONVERSION = YES;
				CLANG_WARN_COMMA = YES;
				CLANG_WARN_CONSTANT_CONVERSION = YES;
				CLANG_WARN_DEPRECATED_OBJC_IMPLEMENTATIONS = YES;
				CLANG_WARN_DIRECT_OBJC_ISA_USAGE = YES_ERROR;
				CLANG_WARN_DOCUMENTATION_COMMENTS = YES;
				CLANG_WARN_EMPTY_BODY = YES;
				CLANG_WARN_ENUM_CONVERSION = YES;
				CLANG_WARN_INFINITE_RECURSION = YES;
				CLANG_WARN_INT_CONVERSION = YES;
				CLANG_WARN_NON_LITERAL_NULL_CONVERSION = YES;
				CLANG_WARN_OBJC_IMPLICIT_RETAIN_SELF = YES;
				CLANG_WARN_OBJC_LITERAL_CONVERSION = YES;
				CLANG_WARN_OBJC_ROOT_CLASS = YES_ERROR;
				CLANG_WARN_QUOTED_INCLUDE_IN_FRAMEWORK_HEADER = YES;
				CLANG_WARN_RANGE_LOOP_ANALYSIS = YES;
				CLANG_WARN_STRICT_PROTOTYPES = YES;
				CLANG_WARN_SUSPICIOUS_MOVE = YES;
				CLANG_WARN_UNGUARDED_AVAILABILITY = YES_AGGRESSIVE;
				CLANG_WARN_UNREACHABLE_CODE = YES;
				CLANG_WARN__DUPLICATE_METHOD_MATCH = YES;
				COPY_PHASE_STRIP = NO;
				DEBUG_INFORMATION_FORMAT = "dwarf-with-dsym";
				ENABLE_NS_ASSERTIONS = NO;
				ENABLE_STRICT_OBJC_MSGSEND = YES;
				GCC_C_LANGUAGE_STANDARD = gnu11;
				GCC_NO_COMMON_BLOCKS = YES;
				GCC_WARN_64_TO_32_BIT_CONVERSION = YES;
				GCC_WARN_ABOUT_RETURN_TYPE = YES_ERROR;
				GCC_WARN_UNDECLARED_SELECTOR = YES;
				GCC_WARN_UNINITIALIZED_AUTOS = YES_AGGRESSIVE;
				GCC_WARN_UNUSED_FUNCTION = YES;
				GCC_WARN_UNUSED_VARIABLE = YES;
				IPHONEOS_DEPLOYMENT_TARGET = 16.0;
				MTL_ENABLE_DEBUG_INFO = NO;
				MTL_FAST_MATH = YES;
				SDKROOT = iphoneos;
				SWIFT_COMPILATION_MODE = wholemodule;
				SWIFT_OPTIMIZATION_LEVEL = "-O";
				VALIDATE_PRODUCT = YES;
			};
			name = Release;
		};
		776D87B629A7866000103C8E /* Debug */ = {
			isa = XCBuildConfiguration;
			buildSettings = {
				ASSETCATALOG_COMPILER_APPICON_NAME = AppIcon;
				ASSETCATALOG_COMPILER_GLOBAL_ACCENT_COLOR_NAME = AccentColor;
				CODE_SIGN_STYLE = Automatic;
				CURRENT_PROJECT_VERSION = 1;
				DEVELOPMENT_ASSET_PATHS = "\"cryptOS/Preview Content\"";
				ENABLE_PREVIEWS = YES;
				GENERATE_INFOPLIST_FILE = YES;
				INFOPLIST_KEY_CFBundleDisplayName = cryptOS;
				INFOPLIST_KEY_UIApplicationSceneManifest_Generation = YES;
				INFOPLIST_KEY_UIApplicationSupportsIndirectInputEvents = YES;
				INFOPLIST_KEY_UILaunchScreen_Generation = YES;
				INFOPLIST_KEY_UISupportedInterfaceOrientations = UIInterfaceOrientationPortrait;
				INFOPLIST_KEY_UISupportedInterfaceOrientations_iPad = "UIInterfaceOrientationLandscapeLeft UIInterfaceOrientationLandscapeRight UIInterfaceOrientationPortrait UIInterfaceOrientationPortraitUpsideDown";
				IPHONEOS_DEPLOYMENT_TARGET = 16.0;
				LD_RUNPATH_SEARCH_PATHS = (
					"$(inherited)",
					"@executable_path/Frameworks",
				);
				MARKETING_VERSION = 1.0.1;
				PRODUCT_BUNDLE_IDENTIFIER = knturn.cryptOS;
				PRODUCT_NAME = "$(TARGET_NAME)";
				SWIFT_EMIT_LOC_STRINGS = YES;
				SWIFT_VERSION = 5.0;
				TARGETED_DEVICE_FAMILY = "1,2";
			};
			name = Debug;
		};
		776D87B729A7866000103C8E /* Release */ = {
			isa = XCBuildConfiguration;
			buildSettings = {
				ASSETCATALOG_COMPILER_APPICON_NAME = AppIcon;
				ASSETCATALOG_COMPILER_GLOBAL_ACCENT_COLOR_NAME = AccentColor;
				CODE_SIGN_STYLE = Automatic;
				CURRENT_PROJECT_VERSION = 1;
				DEVELOPMENT_ASSET_PATHS = "\"cryptOS/Preview Content\"";
				ENABLE_PREVIEWS = YES;
				GENERATE_INFOPLIST_FILE = YES;
				INFOPLIST_KEY_CFBundleDisplayName = cryptOS;
				INFOPLIST_KEY_UIApplicationSceneManifest_Generation = YES;
				INFOPLIST_KEY_UIApplicationSupportsIndirectInputEvents = YES;
				INFOPLIST_KEY_UILaunchScreen_Generation = YES;
				INFOPLIST_KEY_UISupportedInterfaceOrientations = UIInterfaceOrientationPortrait;
				INFOPLIST_KEY_UISupportedInterfaceOrientations_iPad = "UIInterfaceOrientationLandscapeLeft UIInterfaceOrientationLandscapeRight UIInterfaceOrientationPortrait UIInterfaceOrientationPortraitUpsideDown";
				IPHONEOS_DEPLOYMENT_TARGET = 16.0;
				LD_RUNPATH_SEARCH_PATHS = (
					"$(inherited)",
					"@executable_path/Frameworks",
				);
				MARKETING_VERSION = 1.0.1;
				PRODUCT_BUNDLE_IDENTIFIER = knturn.cryptOS;
				PRODUCT_NAME = "$(TARGET_NAME)";
				SWIFT_EMIT_LOC_STRINGS = YES;
				SWIFT_VERSION = 5.0;
				TARGETED_DEVICE_FAMILY = "1,2";
			};
			name = Release;
		};
/* End XCBuildConfiguration section */

/* Begin XCConfigurationList section */
		776D87A229A7865E00103C8E /* Build configuration list for PBXProject "cryptOS" */ = {
			isa = XCConfigurationList;
			buildConfigurations = (
				776D87B329A7866000103C8E /* Debug */,
				776D87B429A7866000103C8E /* Release */,
			);
			defaultConfigurationIsVisible = 0;
			defaultConfigurationName = Release;
		};
		776D87B529A7866000103C8E /* Build configuration list for PBXNativeTarget "cryptOS" */ = {
			isa = XCConfigurationList;
			buildConfigurations = (
				776D87B629A7866000103C8E /* Debug */,
				776D87B729A7866000103C8E /* Release */,
			);
			defaultConfigurationIsVisible = 0;
			defaultConfigurationName = Release;
		};
/* End XCConfigurationList section */
	};
	rootObject = 776D879F29A7865E00103C8E /* Project object */;
}
